
Microsoft Visual Studio Solution File, Format Version 10.00
# Visual Studio 2008
Project("{FAE04EC0-301F-11D3-BF4B-00C04F79EFBC}") = "Medusa.Biodata.Common.BusinessEntities", "Medusa.Biodata.Common.BusinessEntities\Medusa.Biodata.Common.BusinessEntities.csproj", "{C9C5EED3-FB76-4A93-BE61-E1EAA5704B42}"
EndProject
Project("{FAE04EC0-301F-11D3-BF4B-00C04F79EFBC}") = "Medusa.Biodata.BackEnd.BusinessComponents", "Medusa.Biodata.BackEnd.BusinessComponents\Medusa.Biodata.BackEnd.BusinessComponents.csproj", "{1BD84568-DDEB-44F9-A126-BBC2D36611CD}"
	ProjectSection(ProjectDependencies) = postProject
		{C7FCD1B1-FCF7-440D-8862-7764E406C6C6} = {C7FCD1B1-FCF7-440D-8862-7764E406C6C6}
		{C9C5EED3-FB76-4A93-BE61-E1EAA5704B42} = {C9C5EED3-FB76-4A93-BE61-E1EAA5704B42}
	EndProjectSection
EndProject
Project("{FAE04EC0-301F-11D3-BF4B-00C04F79EFBC}") = "Medusa.Biodata.BackEnd.DataAccessComponents", "Medusa.Biodata.BackEnd.DataAccessComponents\Medusa.Biodata.BackEnd.DataAccessComponents.csproj", "{C7FCD1B1-FCF7-440D-8862-7764E406C6C6}"
	ProjectSection(ProjectDependencies) = postProject
		{C9C5EED3-FB76-4A93-BE61-E1EAA5704B42} = {C9C5EED3-FB76-4A93-BE61-E1EAA5704B42}
	EndProjectSection
EndProject
Project("{FAE04EC0-301F-11D3-BF4B-00C04F79EFBC}") = "Medusa.Biodata.FrontEnd.Forms", "Medusa.Biodata.FrontEnd.Forms\Medusa.Biodata.FrontEnd.Forms.csproj", "{ED294C83-970E-4485-81C3-013D16F4B382}"
	ProjectSection(ProjectDependencies) = postProject
		{1BD84568-DDEB-44F9-A126-BBC2D36611CD} = {1BD84568-DDEB-44F9-A126-BBC2D36611CD}
		{C9C5EED3-FB76-4A93-BE61-E1EAA5704B42} = {C9C5EED3-FB76-4A93-BE61-E1EAA5704B42}
	EndProjectSection
EndProject
Project("{FAE04EC0-301F-11D3-BF4B-00C04F79EFBC}") = "Medusa.Biodata.FrontEnd.UserControls", "Medusa.Biodata.FrontEnd.UserControls\Medusa.Biodata.FrontEnd.UserControls.csproj", "{816901BF-26A7-4E45-BECF-67E6816578AA}"
EndProject
Project("{F184B08F-C81C-45F6-A57F-5ABD9991F28F}") = "FormularioPersonalizado", "FormularioPersonalizado\FormularioPersonalizado.vbproj", "{95550D21-DBD8-47FC-80BD-BE5E00BC0A45}"
EndProject
Global
	GlobalSection(SolutionConfigurationPlatforms) = preSolution
		Debug|Any CPU = Debug|Any CPU
		Release|Any CPU = Release|Any CPU
	EndGlobalSection
	GlobalSection(ProjectConfigurationPlatforms) = postSolution
		{C9C5EED3-FB76-4A93-BE61-E1EAA5704B42}.Debug|Any CPU.ActiveCfg = Debug|Any CPU
		{C9C5EED3-FB76-4A93-BE61-E1EAA5704B42}.Debug|Any CPU.Build.0 = Debug|Any CPU
		{C9C5EED3-FB76-4A93-BE61-E1EAA5704B42}.Release|Any CPU.ActiveCfg = Release|Any CPU
		{C9C5EED3-FB76-4A93-BE61-E1EAA5704B42}.Release|Any CPU.Build.0 = Release|Any CPU
		{1BD84568-DDEB-44F9-A126-BBC2D36611CD}.Debug|Any CPU.ActiveCfg = Debug|Any CPU
		{1BD84568-DDEB-44F9-A126-BBC2D36611CD}.Debug|Any CPU.Build.0 = Debug|Any CPU
		{1BD84568-DDEB-44F9-A126-BBC2D36611CD}.Release|Any CPU.ActiveCfg = Release|Any CPU
		{1BD84568-DDEB-44F9-A126-BBC2D36611CD}.Release|Any CPU.Build.0 = Release|Any CPU
		{C7FCD1B1-FCF7-440D-8862-7764E406C6C6}.Debug|Any CPU.ActiveCfg = Debug|Any CPU
		{C7FCD1B1-FCF7-440D-8862-7764E406C6C6}.Debug|Any CPU.Build.0 = Debug|Any CPU
		{C7FCD1B1-FCF7-440D-8862-7764E406C6C6}.Release|Any CPU.ActiveCfg = Release|Any CPU
		{C7FCD1B1-FCF7-440D-8862-7764E406C6C6}.Release|Any CPU.Build.0 = Release|Any CPU
		{ED294C83-970E-4485-81C3-013D16F4B382}.Debug|Any CPU.ActiveCfg = Debug|Any CPU
		{ED294C83-970E-4485-81C3-013D16F4B382}.Debug|Any CPU.Build.0 = Debug|Any CPU
		{ED294C83-970E-4485-81C3-013D16F4B382}.Release|Any CPU.ActiveCfg = Release|Any CPU
		{ED294C83-970E-4485-81C3-013D16F4B382}.Release|Any CPU.Build.0 = Release|Any CPU
		{816901BF-26A7-4E45-BECF-67E6816578AA}.Debug|Any CPU.ActiveCfg = Debug|Any CPU
		{816901BF-26A7-4E45-BECF-67E6816578AA}.Debug|Any CPU.Build.0 = Debug|Any CPU
		{816901BF-26A7-4E45-BECF-67E6816578AA}.Release|Any CPU.ActiveCfg = Release|Any CPU
		{816901BF-26A7-4E45-BECF-67E6816578AA}.Release|Any CPU.Build.0 = Release|Any CPU
		{95550D21-DBD8-47FC-80BD-BE5E00BC0A45}.Debug|Any CPU.ActiveCfg = Debug|Any CPU
		{95550D21-DBD8-47FC-80BD-BE5E00BC0A45}.Debug|Any CPU.Build.0 = Debug|Any CPU
		{95550D21-DBD8-47FC-80BD-BE5E00BC0A45}.Release|Any CPU.ActiveCfg = Release|Any CPU
		{95550D21-DBD8-47FC-80BD-BE5E00BC0A45}.Release|Any CPU.Build.0 = Release|Any CPU
	EndGlobalSection
	GlobalSection(SolutionProperties) = preSolution
		HideSolutionNode = FALSE
	EndGlobalSection
EndGlobal
